
Microsoft Visual Studio Solution File, Format Version 12.00
# Visual Studio Version 17
VisualStudioVersion = 17.14.36915.13 d17.14
MinimumVisualStudioVersion = 10.0.40219.1
Project("{FAE04EC0-301F-11D3-BF4B-00C04F79EFBC}") = "FemRec2023", "FemRec2023.csproj", "{CFDC4975-25F2-413B-B0F2-58DAF1F72BD9}"
EndProject
Global
	GlobalSection(SolutionConfigurationPlatforms) = preSolution
		Debug|Any CPU = Debug|Any CPU
		Release|Any CPU = Release|Any CPU
	EndGlobalSection
	GlobalSection(ProjectConfigurationPlatforms) = postSolution
		{CFDC4975-25F2-413B-B0F2-58DAF1F72BD9}.Debug|Any CPU.ActiveCfg = Debug|Any CPU
		{CFDC4975-25F2-413B-B0F2-58DAF1F72BD9}.Debug|Any CPU.Build.0 = Debug|Any CPU
		{CFDC4975-25F2-413B-B0F2-58DAF1F72BD9}.Release|Any CPU.ActiveCfg = Release|Any CPU
		{CFDC4975-25F2-413B-B0F2-58DAF1F72BD9}.Release|Any CPU.Build.0 = Release|Any CPU
	EndGlobalSection
	GlobalSection(SolutionProperties) = preSolution
		HideSolutionNode = FALSE
	EndGlobalSection
	GlobalSection(ExtensibilityGlobals) = postSolution
		SolutionGuid = {D1FC8330-38D5-48B1-A5F7-D52D380E372F}
	EndGlobalSection
EndGlobal
